// !$*UTF8*$!
{
	archiveVersion = 1;
	classes = {
	};
	objectVersion = 50;
	objects = {

/* Begin PBXBuildFile section */
		7530F32723E1132900CFE732 /* AppDelegate.swift in Sources */ = {isa = PBXBuildFile; fileRef = 7530F32623E1132900CFE732 /* AppDelegate.swift */; };
		7530F32923E1132900CFE732 /* SceneDelegate.swift in Sources */ = {isa = PBXBuildFile; fileRef = 7530F32823E1132900CFE732 /* SceneDelegate.swift */; };
		7530F32B23E1132900CFE732 /* ViewController.swift in Sources */ = {isa = PBXBuildFile; fileRef = 7530F32A23E1132900CFE732 /* ViewController.swift */; };
		7530F32E23E1132900CFE732 /* Main.storyboard in Resources */ = {isa = PBXBuildFile; fileRef = 7530F32C23E1132900CFE732 /* Main.storyboard */; };
		7530F33023E1132E00CFE732 /* Assets.xcassets in Resources */ = {isa = PBXBuildFile; fileRef = 7530F32F23E1132E00CFE732 /* Assets.xcassets */; };
		7530F33323E1132E00CFE732 /* LaunchScreen.storyboard in Resources */ = {isa = PBXBuildFile; fileRef = 7530F33123E1132E00CFE732 /* LaunchScreen.storyboard */; };
		7530F33E23E1132E00CFE732 /* CartesianTests.swift in Sources */ = {isa = PBXBuildFile; fileRef = 7530F33D23E1132E00CFE732 /* CartesianTests.swift */; };
/* End PBXBuildFile section */

/* Begin PBXContainerItemProxy section */
		7530F33A23E1132E00CFE732 /* PBXContainerItemProxy */ = {
			isa = PBXContainerItemProxy;
			containerPortal = 7530F31B23E1132900CFE732 /* Project object */;
			proxyType = 1;
			remoteGlobalIDString = 7530F32223E1132900CFE732;
			remoteInfo = Cartesian;
		};
/* End PBXContainerItemProxy section */

/* Begin PBXFileReference section */
		7530F32323E1132900CFE732 /* Cartesian.app */ = {isa = PBXFileReference; explicitFileType = wrapper.application; includeInIndex = 0; path = Cartesian.app; sourceTree = BUILT_PRODUCTS_DIR; };
		7530F32623E1132900CFE732 /* AppDelegate.swift */ = {isa = PBXFileReference; lastKnownFileType = sourcecode.swift; path = AppDelegate.swift; sourceTree = "<group>"; };
		7530F32823E1132900CFE732 /* SceneDelegate.swift */ = {isa = PBXFileReference; lastKnownFileType = sourcecode.swift; path = SceneDelegate.swift; sourceTree = "<group>"; };
		7530F32A23E1132900CFE732 /* ViewController.swift */ = {isa = PBXFileReference; lastKnownFileType = sourcecode.swift; path = ViewController.swift; sourceTree = "<group>"; };
		7530F32D23E1132900CFE732 /* Base */ = {isa = PBXFileReference; lastKnownFileType = file.storyboard; name = Base; path = Base.lproj/Main.storyboard; sourceTree = "<group>"; };
		7530F32F23E1132E00CFE732 /* Assets.xcassets */ = {isa = PBXFileReference; lastKnownFileType = folder.assetcatalog; path = Assets.xcassets; sourceTree = "<group>"; };
		7530F33223E1132E00CFE732 /* Base */ = {isa = PBXFileReference; lastKnownFileType = file.storyboard; name = Base; path = Base.lproj/LaunchScreen.storyboard; sourceTree = "<group>"; };
		7530F33423E1132E00CFE732 /* Info.plist */ = {isa = PBXFileReference; lastKnownFileType = text.plist.xml; path = Info.plist; sourceTree = "<group>"; };
		7530F33923E1132E00CFE732 /* CartesianTests.xctest */ = {isa = PBXFileReference; explicitFileType = wrapper.cfbundle; includeInIndex = 0; path = CartesianTests.xctest; sourceTree = BUILT_PRODUCTS_DIR; };
		7530F33D23E1132E00CFE732 /* CartesianTests.swift */ = {isa = PBXFileReference; lastKnownFileType = sourcecode.swift; path = CartesianTests.swift; sourceTree = "<group>"; };
		7530F33F23E1132E00CFE732 /* Info.plist */ = {isa = PBXFileReference; lastKnownFileType = text.plist.xml; path = Info.plist; sourceTree = "<group>"; };
/* End PBXFileReference section */

/* Begin PBXFrameworksBuildPhase section */
		7530F32023E1132900CFE732 /* Frameworks */ = {
			isa = PBXFrameworksBuildPhase;
			buildActionMask = 2147483647;
			files = (
			);
			runOnlyForDeploymentPostprocessing = 0;
		};
		7530F33623E1132E00CFE732 /* Frameworks */ = {
			isa = PBXFrameworksBuildPhase;
			buildActionMask = 2147483647;
			files = (
			);
			runOnlyForDeploymentPostprocessing = 0;
		};
/* End PBXFrameworksBuildPhase section */

/* Begin PBXGroup section */
		7530F31A23E1132900CFE732 = {
			isa = PBXGroup;
			children = (
				7530F32523E1132900CFE732 /* Cartesian */,
				7530F33C23E1132E00CFE732 /* CartesianTests */,
				7530F32423E1132900CFE732 /* Products */,
			);
			sourceTree = "<group>";
		};
		7530F32423E1132900CFE732 /* Products */ = {
			isa = PBXGroup;
			children = (
				7530F32323E1132900CFE732 /* Cartesian.app */,
				7530F33923E1132E00CFE732 /* CartesianTests.xctest */,
			);
			name = Products;
			sourceTree = "<group>";
		};
		7530F32523E1132900CFE732 /* Cartesian */ = {
			isa = PBXGroup;
			children = (
				7530F32623E1132900CFE732 /* AppDelegate.swift */,
				7530F32823E1132900CFE732 /* SceneDelegate.swift */,
				7530F32A23E1132900CFE732 /* ViewController.swift */,
				7530F32C23E1132900CFE732 /* Main.storyboard */,
				7530F32F23E1132E00CFE732 /* Assets.xcassets */,
				7530F33123E1132E00CFE732 /* LaunchScreen.storyboard */,
				7530F33423E1132E00CFE732 /* Info.plist */,
			);
			path = Cartesian;
			sourceTree = "<group>";
		};
		7530F33C23E1132E00CFE732 /* CartesianTests */ = {
			isa = PBXGroup;
			children = (
				7530F33D23E1132E00CFE732 /* CartesianTests.swift */,
				7530F33F23E1132E00CFE732 /* Info.plist */,
			);
			path = CartesianTests;
			sourceTree = "<group>";
		};
/* End PBXGroup section */

/* Begin PBXNativeTarget section */
		7530F32223E1132900CFE732 /* Cartesian */ = {
			isa = PBXNativeTarget;
			buildConfigurationList = 7530F34223E1132E00CFE732 /* Build configuration list for PBXNativeTarget "Cartesian" */;
			buildPhases = (
				7530F31F23E1132900CFE732 /* Sources */,
				7530F32023E1132900CFE732 /* Frameworks */,
				7530F32123E1132900CFE732 /* Resources */,
			);
			buildRules = (
			);
			dependencies = (
			);
			name = Cartesian;
			productName = Cartesian;
			productReference = 7530F32323E1132900CFE732 /* Cartesian.app */;
			productType = "com.apple.product-type.application";
		};
		7530F33823E1132E00CFE732 /* CartesianTests */ = {
			isa = PBXNativeTarget;
			buildConfigurationList = 7530F34523E1132E00CFE732 /* Build configuration list for PBXNativeTarget "CartesianTests" */;
			buildPhases = (
				7530F33523E1132E00CFE732 /* Sources */,
				7530F33623E1132E00CFE732 /* Frameworks */,
				7530F33723E1132E00CFE732 /* Resources */,
			);
			buildRules = (
			);
			dependencies = (
				7530F33B23E1132E00CFE732 /* PBXTargetDependency */,
			);
			name = CartesianTests;
			productName = CartesianTests;
			productReference = 7530F33923E1132E00CFE732 /* CartesianTests.xctest */;
			productType = "com.apple.product-type.bundle.unit-test";
		};
/* End PBXNativeTarget section */

/* Begin PBXProject section */
		7530F31B23E1132900CFE732 /* Project object */ = {
			isa = PBXProject;
			attributes = {
				LastSwiftUpdateCheck = 1120;
				LastUpgradeCheck = 1120;
				ORGANIZATIONNAME = "Peter Shi";
				TargetAttributes = {
					7530F32223E1132900CFE732 = {
						CreatedOnToolsVersion = 11.2.1;
					};
					7530F33823E1132E00CFE732 = {
						CreatedOnToolsVersion = 11.2.1;
						TestTargetID = 7530F32223E1132900CFE732;
					};
				};
			};
			buildConfigurationList = 7530F31E23E1132900CFE732 /* Build configuration list for PBXProject "Cartesian" */;
			compatibilityVersion = "Xcode 9.3";
			developmentRegion = en;
			hasScannedForEncodings = 0;
			knownRegions = (
				en,
				Base,
			);
			mainGroup = 7530F31A23E1132900CFE732;
			productRefGroup = 7530F32423E1132900CFE732 /* Products */;
			projectDirPath = "";
			projectRoot = "";
			targets = (
				7530F32223E1132900CFE732 /* Cartesian */,
				7530F33823E1132E00CFE732 /* CartesianTests */,
			);
		};
/* End PBXProject section */

/* Begin PBXResourcesBuildPhase section */
		7530F32123E1132900CFE732 /* Resources */ = {
			isa = PBXResourcesBuildPhase;
			buildActionMask = 2147483647;
			files = (
				7530F33323E1132E00CFE732 /* LaunchScreen.storyboard in Resources */,
				7530F33023E1132E00CFE732 /* Assets.xcassets in Resources */,
				7530F32E23E1132900CFE732 /* Main.storyboard in Resources */,
			);
			runOnlyForDeploymentPostprocessing = 0;
		};
		7530F33723E1132E00CFE732 /* Resources */ = {
			isa = PBXResourcesBuildPhase;
			buildActionMask = 2147483647;
			files = (
			);
			runOnlyForDeploymentPostprocessing = 0;
		};
/* End PBXResourcesBuildPhase section */

/* Begin PBXSourcesBuildPhase section */
		7530F31F23E1132900CFE732 /* Sources */ = {
			isa = PBXSourcesBuildPhase;
			buildActionMask = 2147483647;
			files = (
				7530F32B23E1132900CFE732 /* ViewController.swift in Sources */,
				7530F32723E1132900CFE732 /* AppDelegate.swift in Sources */,
				7530F32923E1132900CFE732 /* SceneDelegate.swift in Sources */,
			);
			runOnlyForDeploymentPostprocessing = 0;
		};
		7530F33523E1132E00CFE732 /* Sources */ = {
			isa = PBXSourcesBuildPhase;
			buildActionMask = 2147483647;
			files = (
				7530F33E23E1132E00CFE732 /* CartesianTests.swift in Sources */,
			);
			runOnlyForDeploymentPostprocessing = 0;
		};
/* End PBXSourcesBuildPhase section */

/* Begin PBXTargetDependency section */
		7530F33B23E1132E00CFE732 /* PBXTargetDependency */ = {
			isa = PBXTargetDependency;
			target = 7530F32223E1132900CFE732 /* Cartesian */;
			targetProxy = 7530F33A23E1132E00CFE732 /* PBXContainerItemProxy */;
		};
/* End PBXTargetDependency section */

/* Begin PBXVariantGroup section */
		7530F32C23E1132900CFE732 /* Main.storyboard */ = {
			isa = PBXVariantGroup;
			children = (
				7530F32D23E1132900CFE732 /* Base */,
			);
			name = Main.storyboard;
			sourceTree = "<group>";
		};
		7530F33123E1132E00CFE732 /* LaunchScreen.storyboard */ = {
			isa = PBXVariantGroup;
			children = (
				7530F33223E1132E00CFE732 /* Base */,
			);
			name = LaunchScreen.storyboard;
			sourceTree = "<group>";
		};
/* End PBXVariantGroup section */

/* Begin XCBuildConfiguration section */
		7530F34023E1132E00CFE732 /* Debug */ = {
			isa = XCBuildConfiguration;
			buildSettings = {
				ALWAYS_SEARCH_USER_PATHS = NO;
				CLANG_ANALYZER_NONNULL = YES;
				CLANG_ANALYZER_NUMBER_OBJECT_CONVERSION = YES_AGGRESSIVE;
				CLANG_CXX_LANGUAGE_STANDARD = "gnu++14";
				CLANG_CXX_LIBRARY = "libc++";
				CLANG_ENABLE_MODULES = YES;
				CLANG_ENABLE_OBJC_ARC = YES;
				CLANG_ENABLE_OBJC_WEAK = YES;
				CLANG_WARN_BLOCK_CAPTURE_AUTORELEASING = YES;
				CLANG_WARN_BOOL_CONVERSION = YES;
				CLANG_WARN_COMMA = YES;
				CLANG_WARN_CONSTANT_CONVERSION = YES;
				CLANG_WARN_DEPRECATED_OBJC_IMPLEMENTATIONS = YES;
				CLANG_WARN_DIRECT_OBJC_ISA_USAGE = YES_ERROR;
				CLANG_WARN_DOCUMENTATION_COMMENTS = YES;
				CLANG_WARN_EMPTY_BODY = YES;
				CLANG_WARN_ENUM_CONVERSION = YES;
				CLANG_WARN_INFINITE_RECURSION = YES;
				CLANG_WARN_INT_CONVERSION = YES;
				CLANG_WARN_NON_LITERAL_NULL_CONVERSION = YES;
				CLANG_WARN_OBJC_IMPLICIT_RETAIN_SELF = YES;
				CLANG_WARN_OBJC_LITERAL_CONVERSION = YES;
				CLANG_WARN_OBJC_ROOT_CLASS = YES_ERROR;
				CLANG_WARN_RANGE_LOOP_ANALYSIS = YES;
				CLANG_WARN_STRICT_PROTOTYPES = YES;
				CLANG_WARN_SUSPICIOUS_MOVE = YES;
				CLANG_WARN_UNGUARDED_AVAILABILITY = YES_AGGRESSIVE;
				CLANG_WARN_UNREACHABLE_CODE = YES;
				CLANG_WARN__DUPLICATE_METHOD_MATCH = YES;
				COPY_PHASE_STRIP = NO;
				DEBUG_INFORMATION_FORMAT = dwarf;
				ENABLE_STRICT_OBJC_MSGSEND = YES;
				ENABLE_TESTABILITY = YES;
				GCC_C_LANGUAGE_STANDARD = gnu11;
				GCC_DYNAMIC_NO_PIC = NO;
				GCC_NO_COMMON_BLOCKS = YES;
				GCC_OPTIMIZATION_LEVEL = 0;
				GCC_PREPROCESSOR_DEFINITIONS = (
					"DEBUG=1",
					"$(inherited)",
				);
				GCC_WARN_64_TO_32_BIT_CONVERSION = YES;
				GCC_WARN_ABOUT_RETURN_TYPE = YES_ERROR;
				GCC_WARN_UNDECLARED_SELECTOR = YES;
				GCC_WARN_UNINITIALIZED_AUTOS = YES_AGGRESSIVE;
				GCC_WARN_UNUSED_FUNCTION = YES;
				GCC_WARN_UNUSED_VARIABLE = YES;
				IPHONEOS_DEPLOYMENT_TARGET = 13.2;
				MTL_ENABLE_DEBUG_INFO = INCLUDE_SOURCE;
				MTL_FAST_MATH = YES;
				ONLY_ACTIVE_ARCH = YES;
				SDKROOT = iphoneos;
				SWIFT_ACTIVE_COMPILATION_CONDITIONS = DEBUG;
				SWIFT_OPTIMIZATION_LEVEL = "-Onone";
			};
			name = Debug;
		};
		7530F34123E1132E00CFE732 /* Release */ = {
			isa = XCBuildConfiguration;
			buildSettings = {
				ALWAYS_SEARCH_USER_PATHS = NO;
				CLANG_ANALYZER_NONNULL = YES;
				CLANG_ANALYZER_NUMBER_OBJECT_CONVERSION = YES_AGGRESSIVE;
				CLANG_CXX_LANGUAGE_STANDARD = "gnu++14";
				CLANG_CXX_LIBRARY = "libc++";
				CLANG_ENABLE_MODULES = YES;
				CLANG_ENABLE_OBJC_ARC = YES;
				CLANG_ENABLE_OBJC_WEAK = YES;
				CLANG_WARN_BLOCK_CAPTURE_AUTORELEASING = YES;
				CLANG_WARN_BOOL_CONVERSION = YES;
				CLANG_WARN_COMMA = YES;
				CLANG_WARN_CONSTANT_CONVERSION = YES;
				CLANG_WARN_DEPRECATED_OBJC_IMPLEMENTATIONS = YES;
				CLANG_WARN_DIRECT_OBJC_ISA_USAGE = YES_ERROR;
				CLANG_WARN_DOCUMENTATION_COMMENTS = YES;
				CLANG_WARN_EMPTY_BODY = YES;
				CLANG_WARN_ENUM_CONVERSION = YES;
				CLANG_WARN_INFINITE_RECURSION = YES;
				CLANG_WARN_INT_CONVERSION = YES;
				CLANG_WARN_NON_LITERAL_NULL_CONVERSION = YES;
				CLANG_WARN_OBJC_IMPLICIT_RETAIN_SELF = YES;
				CLANG_WARN_OBJC_LITERAL_CONVERSION = YES;
				CLANG_WARN_OBJC_ROOT_CLASS = YES_ERROR;
				CLANG_WARN_RANGE_LOOP_ANALYSIS = YES;
				CLANG_WARN_STRICT_PROTOTYPES = YES;
				CLANG_WARN_SUSPICIOUS_MOVE = YES;
				CLANG_WARN_UNGUARDED_AVAILABILITY = YES_AGGRESSIVE;
				CLANG_WARN_UNREACHABLE_CODE = YES;
				CLANG_WARN__DUPLICATE_METHOD_MATCH = YES;
				COPY_PHASE_STRIP = NO;
				DEBUG_INFORMATION_FORMAT = "dwarf-with-dsym";
				ENABLE_NS_ASSERTIONS = NO;
				ENABLE_STRICT_OBJC_MSGSEND = YES;
				GCC_C_LANGUAGE_STANDARD = gnu11;
				GCC_NO_COMMON_BLOCKS = YES;
				GCC_WARN_64_TO_32_BIT_CONVERSION = YES;
				GCC_WARN_ABOUT_RETURN_TYPE = YES_ERROR;
				GCC_WARN_UNDECLARED_SELECTOR = YES;
				GCC_WARN_UNINITIALIZED_AUTOS = YES_AGGRESSIVE;
				GCC_WARN_UNUSED_FUNCTION = YES;
				GCC_WARN_UNUSED_VARIABLE = YES;
				IPHONEOS_DEPLOYMENT_TARGET = 13.2;
				MTL_ENABLE_DEBUG_INFO = NO;
				MTL_FAST_MATH = YES;
				SDKROOT = iphoneos;
				SWIFT_COMPILATION_MODE = wholemodule;
				SWIFT_OPTIMIZATION_LEVEL = "-O";
				VALIDATE_PRODUCT = YES;
			};
			name = Release;
		};
		7530F34323E1132E00CFE732 /* Debug */ = {
			isa = XCBuildConfiguration;
			buildSettings = {
				ASSETCATALOG_COMPILER_APPICON_NAME = AppIcon;
				CODE_SIGN_STYLE = Automatic;
				DEVELOPMENT_TEAM = J8B74FCZCC;
				INFOPLIST_FILE = Cartesian/Info.plist;
				LD_RUNPATH_SEARCH_PATHS = (
					"$(inherited)",
					"@executable_path/Frameworks",
				);
				PRODUCT_BUNDLE_IDENTIFIER = com.goldthumb.Cartesian;
				PRODUCT_NAME = "$(TARGET_NAME)";
				SWIFT_VERSION = 5.0;
				TARGETED_DEVICE_FAMILY = "1,2";
			};
			name = Debug;
		};
		7530F34423E1132E00CFE732 /* Release */ = {
			isa = XCBuildConfiguration;
			buildSettings = {
				ASSETCATALOG_COMPILER_APPICON_NAME = AppIcon;
				CODE_SIGN_STYLE = Automatic;
				DEVELOPMENT_TEAM = J8B74FCZCC;
				INFOPLIST_FILE = Cartesian/Info.plist;
				LD_RUNPATH_SEARCH_PATHS = (
					"$(inherited)",
					"@executable_path/Frameworks",
				);
				PRODUCT_BUNDLE_IDENTIFIER = com.goldthumb.Cartesian;
				PRODUCT_NAME = "$(TARGET_NAME)";
				SWIFT_VERSION = 5.0;
				TARGETED_DEVICE_FAMILY = "1,2";
			};
			name = Release;
		};
		7530F34623E1132E00CFE732 /* Debug */ = {
			isa = XCBuildConfiguration;
			buildSettings = {
				ALWAYS_EMBED_SWIFT_STANDARD_LIBRARIES = YES;
				BUNDLE_LOADER = "$(TEST_HOST)";
				CODE_SIGN_STYLE = Automatic;
				DEVELOPMENT_TEAM = J8B74FCZCC;
				INFOPLIST_FILE = CartesianTests/Info.plist;
				IPHONEOS_DEPLOYMENT_TARGET = 13.2;
				LD_RUNPATH_SEARCH_PATHS = (
					"$(inherited)",
					"@executable_path/Frameworks",
					"@loader_path/Frameworks",
				);
				PRODUCT_BUNDLE_IDENTIFIER = com.goldthumb.CartesianTests;
				PRODUCT_NAME = "$(TARGET_NAME)";
				SWIFT_VERSION = 5.0;
				TARGETED_DEVICE_FAMILY = "1,2";
				TEST_HOST = "$(BUILT_PRODUCTS_DIR)/Cartesian.app/Cartesian";
			};
			name = Debug;
		};
		7530F34723E1132E00CFE732 /* Release */ = {
			isa = XCBuildConfiguration;
			buildSettings = {
				ALWAYS_EMBED_SWIFT_STANDARD_LIBRARIES = YES;
				BUNDLE_LOADER = "$(TEST_HOST)";
				CODE_SIGN_STYLE = Automatic;
				DEVELOPMENT_TEAM = J8B74FCZCC;
				INFOPLIST_FILE = CartesianTests/Info.plist;
				IPHONEOS_DEPLOYMENT_TARGET = 13.2;
				LD_RUNPATH_SEARCH_PATHS = (
					"$(inherited)",
					"@executable_path/Frameworks",
					"@loader_path/Frameworks",
				);
				PRODUCT_BUNDLE_IDENTIFIER = com.goldthumb.CartesianTests;
				PRODUCT_NAME = "$(TARGET_NAME)";
				SWIFT_VERSION = 5.0;
				TARGETED_DEVICE_FAMILY = "1,2";
				TEST_HOST = "$(BUILT_PRODUCTS_DIR)/Cartesian.app/Cartesian";
			};
			name = Release;
		};
/* End XCBuildConfiguration section */

/* Begin XCConfigurationList section */
		7530F31E23E1132900CFE732 /* Build configuration list for PBXProject "Cartesian" */ = {
			isa = XCConfigurationList;
			buildConfigurations = (
				7530F34023E1132E00CFE732 /* Debug */,
				7530F34123E1132E00CFE732 /* Release */,
			);
			defaultConfigurationIsVisible = 0;
			defaultConfigurationName = Release;
		};
		7530F34223E1132E00CFE732 /* Build configuration list for PBXNativeTarget "Cartesian" */ = {
			isa = XCConfigurationList;
			buildConfigurations = (
				7530F34323E1132E00CFE732 /* Debug */,
				7530F34423E1132E00CFE732 /* Release */,
			);
			defaultConfigurationIsVisible = 0;
			defaultConfigurationName = Release;
		};
		7530F34523E1132E00CFE732 /* Build configuration list for PBXNativeTarget "CartesianTests" */ = {
			isa = XCConfigurationList;
			buildConfigurations = (
				7530F34623E1132E00CFE732 /* Debug */,
				7530F34723E1132E00CFE732 /* Release */,
			);
			defaultConfigurationIsVisible = 0;
			defaultConfigurationName = Release;
		};
/* End XCConfigurationList section */
	};
	rootObject = 7530F31B23E1132900CFE732 /* Project object */;
}
