// !$*UTF8*$!
{
	archiveVersion = 1;
	classes = {
	};
	objectVersion = 50;
	objects = {

/* Begin PBXBuildFile section */
		A3F9113C2443EDE1001E6D5E /* AppDelegate.swift in Sources */ = {isa = PBXBuildFile; fileRef = A3F9113B2443EDE1001E6D5E /* AppDelegate.swift */; };
		A3F9113E2443EDE1001E6D5E /* ViewController.swift in Sources */ = {isa = PBXBuildFile; fileRef = A3F9113D2443EDE1001E6D5E /* ViewController.swift */; };
		A3F911412443EDE1001E6D5E /* Main.storyboard in Resources */ = {isa = PBXBuildFile; fileRef = A3F9113F2443EDE1001E6D5E /* Main.storyboard */; };
		A3F911432443EDE4001E6D5E /* Assets.xcassets in Resources */ = {isa = PBXBuildFile; fileRef = A3F911422443EDE4001E6D5E /* Assets.xcassets */; };
		A3F911462443EDE4001E6D5E /* LaunchScreen.storyboard in Resources */ = {isa = PBXBuildFile; fileRef = A3F911442443EDE4001E6D5E /* LaunchScreen.storyboard */; };
		A3F911512443EDE4001E6D5E /* CartesianTests.swift in Sources */ = {isa = PBXBuildFile; fileRef = A3F911502443EDE4001E6D5E /* CartesianTests.swift */; };
		A3F9115C2443EEE1001E6D5E /* CanvasView.swift in Sources */ = {isa = PBXBuildFile; fileRef = A3F9115B2443EEE1001E6D5E /* CanvasView.swift */; };
/* End PBXBuildFile section */

/* Begin PBXContainerItemProxy section */
		A3F9114D2443EDE4001E6D5E /* PBXContainerItemProxy */ = {
			isa = PBXContainerItemProxy;
			containerPortal = A3F911302443EDE1001E6D5E /* Project object */;
			proxyType = 1;
			remoteGlobalIDString = A3F911372443EDE1001E6D5E;
			remoteInfo = Cartesian;
		};
/* End PBXContainerItemProxy section */

/* Begin PBXFileReference section */
		A3F911382443EDE1001E6D5E /* Cartesian.app */ = {isa = PBXFileReference; explicitFileType = wrapper.application; includeInIndex = 0; path = Cartesian.app; sourceTree = BUILT_PRODUCTS_DIR; };
		A3F9113B2443EDE1001E6D5E /* AppDelegate.swift */ = {isa = PBXFileReference; lastKnownFileType = sourcecode.swift; path = AppDelegate.swift; sourceTree = "<group>"; };
		A3F9113D2443EDE1001E6D5E /* ViewController.swift */ = {isa = PBXFileReference; lastKnownFileType = sourcecode.swift; path = ViewController.swift; sourceTree = "<group>"; };
		A3F911402443EDE1001E6D5E /* Base */ = {isa = PBXFileReference; lastKnownFileType = file.storyboard; name = Base; path = Base.lproj/Main.storyboard; sourceTree = "<group>"; };
		A3F911422443EDE4001E6D5E /* Assets.xcassets */ = {isa = PBXFileReference; lastKnownFileType = folder.assetcatalog; path = Assets.xcassets; sourceTree = "<group>"; };
		A3F911452443EDE4001E6D5E /* Base */ = {isa = PBXFileReference; lastKnownFileType = file.storyboard; name = Base; path = Base.lproj/LaunchScreen.storyboard; sourceTree = "<group>"; };
		A3F911472443EDE4001E6D5E /* Info.plist */ = {isa = PBXFileReference; lastKnownFileType = text.plist.xml; path = Info.plist; sourceTree = "<group>"; };
		A3F9114C2443EDE4001E6D5E /* CartesianTests.xctest */ = {isa = PBXFileReference; explicitFileType = wrapper.cfbundle; includeInIndex = 0; path = CartesianTests.xctest; sourceTree = BUILT_PRODUCTS_DIR; };
		A3F911502443EDE4001E6D5E /* CartesianTests.swift */ = {isa = PBXFileReference; lastKnownFileType = sourcecode.swift; path = CartesianTests.swift; sourceTree = "<group>"; };
		A3F911522443EDE4001E6D5E /* Info.plist */ = {isa = PBXFileReference; lastKnownFileType = text.plist.xml; path = Info.plist; sourceTree = "<group>"; };
		A3F9115B2443EEE1001E6D5E /* CanvasView.swift */ = {isa = PBXFileReference; lastKnownFileType = sourcecode.swift; path = CanvasView.swift; sourceTree = "<group>"; };
/* End PBXFileReference section */

/* Begin PBXFrameworksBuildPhase section */
		A3F911352443EDE1001E6D5E /* Frameworks */ = {
			isa = PBXFrameworksBuildPhase;
			buildActionMask = 2147483647;
			files = (
			);
			runOnlyForDeploymentPostprocessing = 0;
		};
		A3F911492443EDE4001E6D5E /* Frameworks */ = {
			isa = PBXFrameworksBuildPhase;
			buildActionMask = 2147483647;
			files = (
			);
			runOnlyForDeploymentPostprocessing = 0;
		};
/* End PBXFrameworksBuildPhase section */

/* Begin PBXGroup section */
		A3F9112F2443EDE1001E6D5E = {
			isa = PBXGroup;
			children = (
				A3F9113A2443EDE1001E6D5E /* Cartesian */,
				A3F9114F2443EDE4001E6D5E /* CartesianTests */,
				A3F911392443EDE1001E6D5E /* Products */,
			);
			sourceTree = "<group>";
		};
		A3F911392443EDE1001E6D5E /* Products */ = {
			isa = PBXGroup;
			children = (
				A3F911382443EDE1001E6D5E /* Cartesian.app */,
				A3F9114C2443EDE4001E6D5E /* CartesianTests.xctest */,
			);
			name = Products;
			sourceTree = "<group>";
		};
		A3F9113A2443EDE1001E6D5E /* Cartesian */ = {
			isa = PBXGroup;
			children = (
				A3F9115B2443EEE1001E6D5E /* CanvasView.swift */,
				A3F9113B2443EDE1001E6D5E /* AppDelegate.swift */,
				A3F9113D2443EDE1001E6D5E /* ViewController.swift */,
				A3F9113F2443EDE1001E6D5E /* Main.storyboard */,
				A3F911422443EDE4001E6D5E /* Assets.xcassets */,
				A3F911442443EDE4001E6D5E /* LaunchScreen.storyboard */,
				A3F911472443EDE4001E6D5E /* Info.plist */,
			);
			path = Cartesian;
			sourceTree = "<group>";
		};
		A3F9114F2443EDE4001E6D5E /* CartesianTests */ = {
			isa = PBXGroup;
			children = (
				A3F911502443EDE4001E6D5E /* CartesianTests.swift */,
				A3F911522443EDE4001E6D5E /* Info.plist */,
			);
			path = CartesianTests;
			sourceTree = "<group>";
		};
/* End PBXGroup section */

/* Begin PBXNativeTarget section */
		A3F911372443EDE1001E6D5E /* Cartesian */ = {
			isa = PBXNativeTarget;
			buildConfigurationList = A3F911552443EDE4001E6D5E /* Build configuration list for PBXNativeTarget "Cartesian" */;
			buildPhases = (
				A3F911342443EDE1001E6D5E /* Sources */,
				A3F911352443EDE1001E6D5E /* Frameworks */,
				A3F911362443EDE1001E6D5E /* Resources */,
			);
			buildRules = (
			);
			dependencies = (
			);
			name = Cartesian;
			productName = Cartesian;
			productReference = A3F911382443EDE1001E6D5E /* Cartesian.app */;
			productType = "com.apple.product-type.application";
		};
		A3F9114B2443EDE4001E6D5E /* CartesianTests */ = {
			isa = PBXNativeTarget;
			buildConfigurationList = A3F911582443EDE4001E6D5E /* Build configuration list for PBXNativeTarget "CartesianTests" */;
			buildPhases = (
				A3F911482443EDE4001E6D5E /* Sources */,
				A3F911492443EDE4001E6D5E /* Frameworks */,
				A3F9114A2443EDE4001E6D5E /* Resources */,
			);
			buildRules = (
			);
			dependencies = (
				A3F9114E2443EDE4001E6D5E /* PBXTargetDependency */,
			);
			name = CartesianTests;
			productName = CartesianTests;
			productReference = A3F9114C2443EDE4001E6D5E /* CartesianTests.xctest */;
			productType = "com.apple.product-type.bundle.unit-test";
		};
/* End PBXNativeTarget section */

/* Begin PBXProject section */
		A3F911302443EDE1001E6D5E /* Project object */ = {
			isa = PBXProject;
			attributes = {
				LastSwiftUpdateCheck = 1030;
				LastUpgradeCheck = 1030;
				ORGANIZATIONNAME = "Grace Huang";
				TargetAttributes = {
					A3F911372443EDE1001E6D5E = {
						CreatedOnToolsVersion = 10.3;
					};
					A3F9114B2443EDE4001E6D5E = {
						CreatedOnToolsVersion = 10.3;
						TestTargetID = A3F911372443EDE1001E6D5E;
					};
				};
			};
			buildConfigurationList = A3F911332443EDE1001E6D5E /* Build configuration list for PBXProject "Cartesian" */;
			compatibilityVersion = "Xcode 9.3";
			developmentRegion = en;
			hasScannedForEncodings = 0;
			knownRegions = (
				en,
				Base,
			);
			mainGroup = A3F9112F2443EDE1001E6D5E;
			productRefGroup = A3F911392443EDE1001E6D5E /* Products */;
			projectDirPath = "";
			projectRoot = "";
			targets = (
				A3F911372443EDE1001E6D5E /* Cartesian */,
				A3F9114B2443EDE4001E6D5E /* CartesianTests */,
			);
		};
/* End PBXProject section */

/* Begin PBXResourcesBuildPhase section */
		A3F911362443EDE1001E6D5E /* Resources */ = {
			isa = PBXResourcesBuildPhase;
			buildActionMask = 2147483647;
			files = (
				A3F911462443EDE4001E6D5E /* LaunchScreen.storyboard in Resources */,
				A3F911432443EDE4001E6D5E /* Assets.xcassets in Resources */,
				A3F911412443EDE1001E6D5E /* Main.storyboard in Resources */,
			);
			runOnlyForDeploymentPostprocessing = 0;
		};
		A3F9114A2443EDE4001E6D5E /* Resources */ = {
			isa = PBXResourcesBuildPhase;
			buildActionMask = 2147483647;
			files = (
			);
			runOnlyForDeploymentPostprocessing = 0;
		};
/* End PBXResourcesBuildPhase section */

/* Begin PBXSourcesBuildPhase section */
		A3F911342443EDE1001E6D5E /* Sources */ = {
			isa = PBXSourcesBuildPhase;
			buildActionMask = 2147483647;
			files = (
				A3F9113E2443EDE1001E6D5E /* ViewController.swift in Sources */,
				A3F9113C2443EDE1001E6D5E /* AppDelegate.swift in Sources */,
				A3F9115C2443EEE1001E6D5E /* CanvasView.swift in Sources */,
			);
			runOnlyForDeploymentPostprocessing = 0;
		};
		A3F911482443EDE4001E6D5E /* Sources */ = {
			isa = PBXSourcesBuildPhase;
			buildActionMask = 2147483647;
			files = (
				A3F911512443EDE4001E6D5E /* CartesianTests.swift in Sources */,
			);
			runOnlyForDeploymentPostprocessing = 0;
		};
/* End PBXSourcesBuildPhase section */

/* Begin PBXTargetDependency section */
		A3F9114E2443EDE4001E6D5E /* PBXTargetDependency */ = {
			isa = PBXTargetDependency;
			target = A3F911372443EDE1001E6D5E /* Cartesian */;
			targetProxy = A3F9114D2443EDE4001E6D5E /* PBXContainerItemProxy */;
		};
/* End PBXTargetDependency section */

/* Begin PBXVariantGroup section */
		A3F9113F2443EDE1001E6D5E /* Main.storyboard */ = {
			isa = PBXVariantGroup;
			children = (
				A3F911402443EDE1001E6D5E /* Base */,
			);
			name = Main.storyboard;
			sourceTree = "<group>";
		};
		A3F911442443EDE4001E6D5E /* LaunchScreen.storyboard */ = {
			isa = PBXVariantGroup;
			children = (
				A3F911452443EDE4001E6D5E /* Base */,
			);
			name = LaunchScreen.storyboard;
			sourceTree = "<group>";
		};
/* End PBXVariantGroup section */

/* Begin XCBuildConfiguration section */
		A3F911532443EDE4001E6D5E /* Debug */ = {
			isa = XCBuildConfiguration;
			buildSettings = {
				ALWAYS_SEARCH_USER_PATHS = NO;
				CLANG_ANALYZER_NONNULL = YES;
				CLANG_ANALYZER_NUMBER_OBJECT_CONVERSION = YES_AGGRESSIVE;
				CLANG_CXX_LANGUAGE_STANDARD = "gnu++14";
				CLANG_CXX_LIBRARY = "libc++";
				CLANG_ENABLE_MODULES = YES;
				CLANG_ENABLE_OBJC_ARC = YES;
				CLANG_ENABLE_OBJC_WEAK = YES;
				CLANG_WARN_BLOCK_CAPTURE_AUTORELEASING = YES;
				CLANG_WARN_BOOL_CONVERSION = YES;
				CLANG_WARN_COMMA = YES;
				CLANG_WARN_CONSTANT_CONVERSION = YES;
				CLANG_WARN_DEPRECATED_OBJC_IMPLEMENTATIONS = YES;
				CLANG_WARN_DIRECT_OBJC_ISA_USAGE = YES_ERROR;
				CLANG_WARN_DOCUMENTATION_COMMENTS = YES;
				CLANG_WARN_EMPTY_BODY = YES;
				CLANG_WARN_ENUM_CONVERSION = YES;
				CLANG_WARN_INFINITE_RECURSION = YES;
				CLANG_WARN_INT_CONVERSION = YES;
				CLANG_WARN_NON_LITERAL_NULL_CONVERSION = YES;
				CLANG_WARN_OBJC_IMPLICIT_RETAIN_SELF = YES;
				CLANG_WARN_OBJC_LITERAL_CONVERSION = YES;
				CLANG_WARN_OBJC_ROOT_CLASS = YES_ERROR;
				CLANG_WARN_RANGE_LOOP_ANALYSIS = YES;
				CLANG_WARN_STRICT_PROTOTYPES = YES;
				CLANG_WARN_SUSPICIOUS_MOVE = YES;
				CLANG_WARN_UNGUARDED_AVAILABILITY = YES_AGGRESSIVE;
				CLANG_WARN_UNREACHABLE_CODE = YES;
				CLANG_WARN__DUPLICATE_METHOD_MATCH = YES;
				CODE_SIGN_IDENTITY = "iPhone Developer";
				COPY_PHASE_STRIP = NO;
				DEBUG_INFORMATION_FORMAT = dwarf;
				ENABLE_STRICT_OBJC_MSGSEND = YES;
				ENABLE_TESTABILITY = YES;
				GCC_C_LANGUAGE_STANDARD = gnu11;
				GCC_DYNAMIC_NO_PIC = NO;
				GCC_NO_COMMON_BLOCKS = YES;
				GCC_OPTIMIZATION_LEVEL = 0;
				GCC_PREPROCESSOR_DEFINITIONS = (
					"DEBUG=1",
					"$(inherited)",
				);
				GCC_WARN_64_TO_32_BIT_CONVERSION = YES;
				GCC_WARN_ABOUT_RETURN_TYPE = YES_ERROR;
				GCC_WARN_UNDECLARED_SELECTOR = YES;
				GCC_WARN_UNINITIALIZED_AUTOS = YES_AGGRESSIVE;
				GCC_WARN_UNUSED_FUNCTION = YES;
				GCC_WARN_UNUSED_VARIABLE = YES;
				IPHONEOS_DEPLOYMENT_TARGET = 12.4;
				MTL_ENABLE_DEBUG_INFO = INCLUDE_SOURCE;
				MTL_FAST_MATH = YES;
				ONLY_ACTIVE_ARCH = YES;
				SDKROOT = iphoneos;
				SWIFT_ACTIVE_COMPILATION_CONDITIONS = DEBUG;
				SWIFT_OPTIMIZATION_LEVEL = "-Onone";
			};
			name = Debug;
		};
		A3F911542443EDE4001E6D5E /* Release */ = {
			isa = XCBuildConfiguration;
			buildSettings = {
				ALWAYS_SEARCH_USER_PATHS = NO;
				CLANG_ANALYZER_NONNULL = YES;
				CLANG_ANALYZER_NUMBER_OBJECT_CONVERSION = YES_AGGRESSIVE;
				CLANG_CXX_LANGUAGE_STANDARD = "gnu++14";
				CLANG_CXX_LIBRARY = "libc++";
				CLANG_ENABLE_MODULES = YES;
				CLANG_ENABLE_OBJC_ARC = YES;
				CLANG_ENABLE_OBJC_WEAK = YES;
				CLANG_WARN_BLOCK_CAPTURE_AUTORELEASING = YES;
				CLANG_WARN_BOOL_CONVERSION = YES;
				CLANG_WARN_COMMA = YES;
				CLANG_WARN_CONSTANT_CONVERSION = YES;
				CLANG_WARN_DEPRECATED_OBJC_IMPLEMENTATIONS = YES;
				CLANG_WARN_DIRECT_OBJC_ISA_USAGE = YES_ERROR;
				CLANG_WARN_DOCUMENTATION_COMMENTS = YES;
				CLANG_WARN_EMPTY_BODY = YES;
				CLANG_WARN_ENUM_CONVERSION = YES;
				CLANG_WARN_INFINITE_RECURSION = YES;
				CLANG_WARN_INT_CONVERSION = YES;
				CLANG_WARN_NON_LITERAL_NULL_CONVERSION = YES;
				CLANG_WARN_OBJC_IMPLICIT_RETAIN_SELF = YES;
				CLANG_WARN_OBJC_LITERAL_CONVERSION = YES;
				CLANG_WARN_OBJC_ROOT_CLASS = YES_ERROR;
				CLANG_WARN_RANGE_LOOP_ANALYSIS = YES;
				CLANG_WARN_STRICT_PROTOTYPES = YES;
				CLANG_WARN_SUSPICIOUS_MOVE = YES;
				CLANG_WARN_UNGUARDED_AVAILABILITY = YES_AGGRESSIVE;
				CLANG_WARN_UNREACHABLE_CODE = YES;
				CLANG_WARN__DUPLICATE_METHOD_MATCH = YES;
				CODE_SIGN_IDENTITY = "iPhone Developer";
				COPY_PHASE_STRIP = NO;
				DEBUG_INFORMATION_FORMAT = "dwarf-with-dsym";
				ENABLE_NS_ASSERTIONS = NO;
				ENABLE_STRICT_OBJC_MSGSEND = YES;
				GCC_C_LANGUAGE_STANDARD = gnu11;
				GCC_NO_COMMON_BLOCKS = YES;
				GCC_WARN_64_TO_32_BIT_CONVERSION = YES;
				GCC_WARN_ABOUT_RETURN_TYPE = YES_ERROR;
				GCC_WARN_UNDECLARED_SELECTOR = YES;
				GCC_WARN_UNINITIALIZED_AUTOS = YES_AGGRESSIVE;
				GCC_WARN_UNUSED_FUNCTION = YES;
				GCC_WARN_UNUSED_VARIABLE = YES;
				IPHONEOS_DEPLOYMENT_TARGET = 12.4;
				MTL_ENABLE_DEBUG_INFO = NO;
				MTL_FAST_MATH = YES;
				SDKROOT = iphoneos;
				SWIFT_COMPILATION_MODE = wholemodule;
				SWIFT_OPTIMIZATION_LEVEL = "-O";
				VALIDATE_PRODUCT = YES;
			};
			name = Release;
		};
		A3F911562443EDE4001E6D5E /* Debug */ = {
			isa = XCBuildConfiguration;
			buildSettings = {
				ASSETCATALOG_COMPILER_APPICON_NAME = AppIcon;
				CODE_SIGN_STYLE = Automatic;
				INFOPLIST_FILE = Cartesian/Info.plist;
				LD_RUNPATH_SEARCH_PATHS = (
					"$(inherited)",
					"@executable_path/Frameworks",
				);
				PRODUCT_BUNDLE_IDENTIFIER = grace.Cartesian;
				PRODUCT_NAME = "$(TARGET_NAME)";
				SWIFT_VERSION = 5.0;
				TARGETED_DEVICE_FAMILY = "1,2";
			};
			name = Debug;
		};
		A3F911572443EDE4001E6D5E /* Release */ = {
			isa = XCBuildConfiguration;
			buildSettings = {
				ASSETCATALOG_COMPILER_APPICON_NAME = AppIcon;
				CODE_SIGN_STYLE = Automatic;
				INFOPLIST_FILE = Cartesian/Info.plist;
				LD_RUNPATH_SEARCH_PATHS = (
					"$(inherited)",
					"@executable_path/Frameworks",
				);
				PRODUCT_BUNDLE_IDENTIFIER = grace.Cartesian;
				PRODUCT_NAME = "$(TARGET_NAME)";
				SWIFT_VERSION = 5.0;
				TARGETED_DEVICE_FAMILY = "1,2";
			};
			name = Release;
		};
		A3F911592443EDE4001E6D5E /* Debug */ = {
			isa = XCBuildConfiguration;
			buildSettings = {
				ALWAYS_EMBED_SWIFT_STANDARD_LIBRARIES = YES;
				BUNDLE_LOADER = "$(TEST_HOST)";
				CODE_SIGN_STYLE = Automatic;
				INFOPLIST_FILE = CartesianTests/Info.plist;
				LD_RUNPATH_SEARCH_PATHS = (
					"$(inherited)",
					"@executable_path/Frameworks",
					"@loader_path/Frameworks",
				);
				PRODUCT_BUNDLE_IDENTIFIER = grace.CartesianTests;
				PRODUCT_NAME = "$(TARGET_NAME)";
				SWIFT_VERSION = 5.0;
				TARGETED_DEVICE_FAMILY = "1,2";
				TEST_HOST = "$(BUILT_PRODUCTS_DIR)/Cartesian.app/Cartesian";
			};
			name = Debug;
		};
		A3F9115A2443EDE4001E6D5E /* Release */ = {
			isa = XCBuildConfiguration;
			buildSettings = {
				ALWAYS_EMBED_SWIFT_STANDARD_LIBRARIES = YES;
				BUNDLE_LOADER = "$(TEST_HOST)";
				CODE_SIGN_STYLE = Automatic;
				INFOPLIST_FILE = CartesianTests/Info.plist;
				LD_RUNPATH_SEARCH_PATHS = (
					"$(inherited)",
					"@executable_path/Frameworks",
					"@loader_path/Frameworks",
				);
				PRODUCT_BUNDLE_IDENTIFIER = grace.CartesianTests;
				PRODUCT_NAME = "$(TARGET_NAME)";
				SWIFT_VERSION = 5.0;
				TARGETED_DEVICE_FAMILY = "1,2";
				TEST_HOST = "$(BUILT_PRODUCTS_DIR)/Cartesian.app/Cartesian";
			};
			name = Release;
		};
/* End XCBuildConfiguration section */

/* Begin XCConfigurationList section */
		A3F911332443EDE1001E6D5E /* Build configuration list for PBXProject "Cartesian" */ = {
			isa = XCConfigurationList;
			buildConfigurations = (
				A3F911532443EDE4001E6D5E /* Debug */,
				A3F911542443EDE4001E6D5E /* Release */,
			);
			defaultConfigurationIsVisible = 0;
			defaultConfigurationName = Release;
		};
		A3F911552443EDE4001E6D5E /* Build configuration list for PBXNativeTarget "Cartesian" */ = {
			isa = XCConfigurationList;
			buildConfigurations = (
				A3F911562443EDE4001E6D5E /* Debug */,
				A3F911572443EDE4001E6D5E /* Release */,
			);
			defaultConfigurationIsVisible = 0;
			defaultConfigurationName = Release;
		};
		A3F911582443EDE4001E6D5E /* Build configuration list for PBXNativeTarget "CartesianTests" */ = {
			isa = XCConfigurationList;
			buildConfigurations = (
				A3F911592443EDE4001E6D5E /* Debug */,
				A3F9115A2443EDE4001E6D5E /* Release */,
			);
			defaultConfigurationIsVisible = 0;
			defaultConfigurationName = Release;
		};
/* End XCConfigurationList section */
	};
	rootObject = A3F911302443EDE1001E6D5E /* Project object */;
}
